github.com/pebbe/zmq4 v1.4.0 h1:gO5P92Ayl8GXpPZdYcD62Cwbq0slSBVVQRIXwGSJ6eQ=
github.com/pebbe/zmq4 v1.4.0/go.mod h1:nqnPueOapVhE2wItZ0uOErngczsJdLOGkebMxaO8r48=
github.com/urfave/cli/v3 v3.3.8 h1:BzolUExliMdet9NlJ/u4m5vHSotJ3PzEqSAZ1oPMa/E=
github.com/urfave/cli/v3 v3.3.8/go.mod h1:FJSKtM/9AiiTOJL4fJ6TbMUkxBXn7GO9guZqoZtpYpo=
